
Microsoft Visual Studio Solution File, Format Version 12.00
# Visual Studio 15
Project("{FAE04EC0-301F-11D3-BF4B-00C04F79EFBC}") = "Assembly-CSharp", "Assembly-CSharp.csproj", "{4B75B597-B7A7-C8C3-AAEF-8E89AAE2E1BB}"
EndProject
Project("{FAE04EC0-301F-11D3-BF4B-00C04F79EFBC}") = "Unity.EditorCoroutines.Editor", "Unity.EditorCoroutines.Editor.csproj", "{AB243DAA-0685-4EE5-EA2B-FAA2A4C9199E}"
EndProject
Global
	GlobalSection(SolutionConfigurationPlatforms) = preSolution
		Debug|Any CPU = Debug|Any CPU
		Release|Any CPU = Release|Any CPU
	EndGlobalSection
	GlobalSection(ProjectConfigurationPlatforms) = postSolution
		{4B75B597-B7A7-C8C3-AAEF-8E89AAE2E1BB}.Debug|Any CPU.ActiveCfg = Debug|Any CPU
		{4B75B597-B7A7-C8C3-AAEF-8E89AAE2E1BB}.Debug|Any CPU.Build.0 = Debug|Any CPU
		{4B75B597-B7A7-C8C3-AAEF-8E89AAE2E1BB}.Release|Any CPU.ActiveCfg = Release|Any CPU
		{4B75B597-B7A7-C8C3-AAEF-8E89AAE2E1BB}.Release|Any CPU.Build.0 = Release|Any CPU
		{AB243DAA-0685-4EE5-EA2B-FAA2A4C9199E}.Debug|Any CPU.ActiveCfg = Debug|Any CPU
		{AB243DAA-0685-4EE5-EA2B-FAA2A4C9199E}.Debug|Any CPU.Build.0 = Debug|Any CPU
		{AB243DAA-0685-4EE5-EA2B-FAA2A4C9199E}.Release|Any CPU.ActiveCfg = Release|Any CPU
		{AB243DAA-0685-4EE5-EA2B-FAA2A4C9199E}.Release|Any CPU.Build.0 = Release|Any CPU
	EndGlobalSection
	GlobalSection(SolutionProperties) = preSolution
		HideSolutionNode = FALSE
	EndGlobalSection
EndGlobal
